
Microsoft Visual Studio Solution File, Format Version 12.00
# Visual Studio Version 17
VisualStudioVersion = 17.4.33213.308
MinimumVisualStudioVersion = 10.0.40219.1
Project("{FAE04EC0-301F-11D3-BF4B-00C04F79EFBC}") = "NewsApplication", "NewsApplication.csproj", "{8FEF614B-271A-48B2-852F-9BF56E131731}"
EndProject
Global
	GlobalSection(SolutionConfigurationPlatforms) = preSolution
		Debug|Any CPU = Debug|Any CPU
		Release|Any CPU = Release|Any CPU
	EndGlobalSection
	GlobalSection(ProjectConfigurationPlatforms) = postSolution
		{8FEF614B-271A-48B2-852F-9BF56E131731}.Debug|Any CPU.ActiveCfg = Debug|Any CPU
		{8FEF614B-271A-48B2-852F-9BF56E131731}.Debug|Any CPU.Build.0 = Debug|Any CPU
		{8FEF614B-271A-48B2-852F-9BF56E131731}.Release|Any CPU.ActiveCfg = Release|Any CPU
		{8FEF614B-271A-48B2-852F-9BF56E131731}.Release|Any CPU.Build.0 = Release|Any CPU
	EndGlobalSection
	GlobalSection(SolutionProperties) = preSolution
		HideSolutionNode = FALSE
	EndGlobalSection
	GlobalSection(ExtensibilityGlobals) = postSolution
		SolutionGuid = {1B419BD6-09C0-4BC2-BCFE-2944E8A4E152}
	EndGlobalSection
EndGlobal
